github.com/hotafrika/shm v0.0.0-20211112235604-a96fb290fe4c h1:Cv9YaHSFOmuBTlIVL22JAhTqpC+xzeP4XQ1ytx09YtA=
github.com/hotafrika/shm v0.0.0-20211112235604-a96fb290fe4c/go.mod h1:lI2YLtNF2HH1EdcIURbvjcBljSAuEvJG7o632raQ0BI=
github.com/hotafrika/shm v0.1.0 h1:PwNG0xjYnuNRdNKCvw3b9lcKoue1Ds7cFh3mhNsfbW0=
github.com/hotafrika/shm v0.1.0/go.mod h1:lI2YLtNF2HH1EdcIURbvjcBljSAuEvJG7o632raQ0BI=
